
Microsoft Visual Studio Solution File, Format Version 12.00
# Visual Studio Version 17
VisualStudioVersion = 17.0.32112.339
MinimumVisualStudioVersion = 10.0.40219.1
Project("{F184B08F-C81C-45F6-A57F-5ABD9991F28F}") = "clase 09.0.2.2022", "clase 09.0.2.2022.vbproj", "{4CCDD5A7-87FD-40AE-9ECB-D319C09C9B8B}"
EndProject
Global
	GlobalSection(SolutionConfigurationPlatforms) = preSolution
		Debug|Any CPU = Debug|Any CPU
		Release|Any CPU = Release|Any CPU
	EndGlobalSection
	GlobalSection(ProjectConfigurationPlatforms) = postSolution
		{4CCDD5A7-87FD-40AE-9ECB-D319C09C9B8B}.Debug|Any CPU.ActiveCfg = Debug|Any CPU
		{4CCDD5A7-87FD-40AE-9ECB-D319C09C9B8B}.Debug|Any CPU.Build.0 = Debug|Any CPU
		{4CCDD5A7-87FD-40AE-9ECB-D319C09C9B8B}.Release|Any CPU.ActiveCfg = Release|Any CPU
		{4CCDD5A7-87FD-40AE-9ECB-D319C09C9B8B}.Release|Any CPU.Build.0 = Release|Any CPU
	EndGlobalSection
	GlobalSection(SolutionProperties) = preSolution
		HideSolutionNode = FALSE
	EndGlobalSection
	GlobalSection(ExtensibilityGlobals) = postSolution
		SolutionGuid = {8E029A69-4E8E-48AC-AB3A-6FD0A13CDEFB}
	EndGlobalSection
EndGlobal
